{
  "originHash" : "9129a8018ef14829e4ffa7cf11c605a1b3a17a022f272ab1d7ec808ecce26d6e",
  "pins" : [
    {
      "identity" : "confettiswiftui",
      "kind" : "remoteSourceControl",
      "location" : "https://github.com/simibac/ConfettiSwiftUI.git",
      "state" : {
        "revision" : "79666d42b882bf7921b1941fa7c636d681d77980",
        "version" : "2.0.3"
      }
    },
    {
      "identity" : "factory",
      "kind" : "remoteSourceControl",
      "location" : "https://github.com/hmlongco/Factory.git",
      "state" : {
        "revision" : "ccc898f21992ebc130bc04cc197460a5ae230bcf",
        "version" : "2.5.3"
      }
    },
    {
      "identity" : "swift-theme-kit",
      "kind" : "remoteSourceControl",
      "location" : "https://github.com/Charlyk/swift-theme-kit.git",
      "state" : {
        "branch" : "fixAssets",
        "revision" : "750dfb2e49cb754d0abb0d670425e819bb73e82e"
      }
    }
  ],
  "version" : 3
}
