{
  "originHash" : "0a7d40c27d3f2b539e11790ab15461acd7d2898617693c7786cf3da0b718b9ea",
  "pins" : [
    {
      "identity" : "factory",
      "kind" : "remoteSourceControl",
      "location" : "https://github.com/hmlongco/Factory.git",
      "state" : {
        "revision" : "ccc898f21992ebc130bc04cc197460a5ae230bcf",
        "version" : "2.5.3"
      }
    },
    {
      "identity" : "swift-theme-kit",
      "kind" : "remoteSourceControl",
      "location" : "https://github.com/Charlyk/swift-theme-kit.git",
      "state" : {
        "revision" : "d81bac4144e7f0a94969ed17a250fc0862de1340",
        "version" : "1.0.4"
      }
    }
  ],
  "version" : 3
}
